
Microsoft Visual Studio Solution File, Format Version 12.00
# Visual Studio 15
VisualStudioVersion = 15.0.27428.2043
MinimumVisualStudioVersion = 10.0.40219.1
Project("{FAE04EC0-301F-11D3-BF4B-00C04F79EFBC}") = "Diseño Gym Hulk", "Diseño Gym Hulk\Diseño Gym Hulk.csproj", "{8991AFE3-8BFC-45D7-9043-22980615FF43}"
EndProject
Project("{FAE04EC0-301F-11D3-BF4B-00C04F79EFBC}") = "Prubas Hulks gym", "UnitTestProject1\Prubas Hulks gym.csproj", "{09F633F4-8C9E-4AFB-BEA4-29F3BA3E2F70}"
EndProject
Global
	GlobalSection(SolutionConfigurationPlatforms) = preSolution
		Debug|Any CPU = Debug|Any CPU
		Release|Any CPU = Release|Any CPU
	EndGlobalSection
	GlobalSection(ProjectConfigurationPlatforms) = postSolution
		{8991AFE3-8BFC-45D7-9043-22980615FF43}.Debug|Any CPU.ActiveCfg = Debug|Any CPU
		{8991AFE3-8BFC-45D7-9043-22980615FF43}.Debug|Any CPU.Build.0 = Debug|Any CPU
		{8991AFE3-8BFC-45D7-9043-22980615FF43}.Release|Any CPU.ActiveCfg = Release|Any CPU
		{8991AFE3-8BFC-45D7-9043-22980615FF43}.Release|Any CPU.Build.0 = Release|Any CPU
		{09F633F4-8C9E-4AFB-BEA4-29F3BA3E2F70}.Debug|Any CPU.ActiveCfg = Debug|Any CPU
		{09F633F4-8C9E-4AFB-BEA4-29F3BA3E2F70}.Debug|Any CPU.Build.0 = Debug|Any CPU
		{09F633F4-8C9E-4AFB-BEA4-29F3BA3E2F70}.Release|Any CPU.ActiveCfg = Release|Any CPU
		{09F633F4-8C9E-4AFB-BEA4-29F3BA3E2F70}.Release|Any CPU.Build.0 = Release|Any CPU
	EndGlobalSection
	GlobalSection(SolutionProperties) = preSolution
		HideSolutionNode = FALSE
	EndGlobalSection
	GlobalSection(ExtensibilityGlobals) = postSolution
		SolutionGuid = {F249C852-F969-4040-82F4-2ED1C309CA80}
	EndGlobalSection
EndGlobal
